<?xml version="1.0" encoding="utf-8"?>
<Project ToolsVersion="4.0" xmlns="http://schemas.microsoft.com/developer/msbuild/2003">
  <ItemGroup>
    <Filter Include="Source Files">
      <UniqueIdentifier>{4FC737F1-C7A5-4376-A066-2A32D752A2FF}</UniqueIdentifier>
      <Extensions>cpp;c;cc;cxx;c++;cppm;ixx;def;odl;idl;hpj;bat;asm;asmx</Extensions>
    </Filter>
    <Filter Include="Header Files">
      <UniqueIdentifier>{93995380-89BD-4b04-88EB-625FBE52EBFB}</UniqueIdentifier>
      <Extensions>h;hh;hpp;hxx;h++;hm;inl;inc;ipp;xsd</Extensions>
    </Filter>
  </ItemGroup>
  <ItemGroup>
    <ClCompile Include="..\..\common\arg.cpp">
      <Filter>Source Files</Filter>
    </ClCompile>
    <ClCompile Include="..\..\common\build_info.cpp">
      <Filter>Source Files</Filter>
    </ClCompile>
    <ClCompile Include="..\..\common\chat.cpp">
      <Filter>Source Files</Filter>
    </ClCompile>
    <ClCompile Include="..\..\common\chat-auto-parser-generator.cpp">
      <Filter>Source Files</Filter>
    </ClCompile>
    <ClCompile Include="..\..\common\chat-auto-parser-helpers.cpp">
      <Filter>Source Files</Filter>
    </ClCompile>
    <ClCompile Include="..\..\common\chat-diff-analyzer.cpp">
      <Filter>Source Files</Filter>
    </ClCompile>
    <ClCompile Include="..\..\common\chat-peg-parser.cpp">
      <Filter>Source Files</Filter>
    </ClCompile>
    <ClCompile Include="..\..\common\common.cpp">
      <Filter>Source Files</Filter>
    </ClCompile>
    <ClCompile Include="..\..\common\console.cpp">
      <Filter>Source Files</Filter>
    </ClCompile>
    <ClCompile Include="..\..\common\debug.cpp">
      <Filter>Source Files</Filter>
    </ClCompile>
    <ClCompile Include="..\..\common\download.cpp">
      <Filter>Source Files</Filter>
    </ClCompile>
    <ClCompile Include="..\..\common\json-schema-to-grammar.cpp">
      <Filter>Source Files</Filter>
    </ClCompile>
    <ClCompile Include="..\..\common\license.cpp">
      <Filter>Source Files</Filter>
    </ClCompile>
    <ClCompile Include="..\..\common\llguidance.cpp">
      <Filter>Source Files</Filter>
    </ClCompile>
    <ClCompile Include="..\..\common\log.cpp">
      <Filter>Source Files</Filter>
    </ClCompile>
    <ClCompile Include="..\..\common\ngram-cache.cpp">
      <Filter>Source Files</Filter>
    </ClCompile>
    <ClCompile Include="..\..\common\ngram-map.cpp">
      <Filter>Source Files</Filter>
    </ClCompile>
    <ClCompile Include="..\..\common\ngram-mod.cpp">
      <Filter>Source Files</Filter>
    </ClCompile>
    <ClCompile Include="..\..\common\peg-parser.cpp">
      <Filter>Source Files</Filter>
    </ClCompile>
    <ClCompile Include="..\..\common\preset.cpp">
      <Filter>Source Files</Filter>
    </ClCompile>
    <ClCompile Include="..\..\common\reasoning-budget.cpp">
      <Filter>Source Files</Filter>
    </ClCompile>
    <ClCompile Include="..\..\common\sampling.cpp">
      <Filter>Source Files</Filter>
    </ClCompile>
    <ClCompile Include="..\..\common\speculative.cpp">
      <Filter>Source Files</Filter>
    </ClCompile>
    <ClCompile Include="..\..\common\unicode.cpp">
      <Filter>Source Files</Filter>
    </ClCompile>
    <ClCompile Include="..\..\common\fit.cpp">
      <Filter>Source Files</Filter>
    </ClCompile>
    <ClCompile Include="..\..\common\hf-cache.cpp">
      <Filter>Source Files</Filter>
    </ClCompile>
    <ClCompile Include="..\..\common\imatrix-loader.cpp">
      <Filter>Source Files</Filter>
    </ClCompile>
  </ItemGroup>
  <ItemGroup>
    <ClInclude Include="..\..\common\arg.h">
      <Filter>Header Files</Filter>
    </ClInclude>
    <ClInclude Include="..\..\common\base64.hpp">
      <Filter>Header Files</Filter>
    </ClInclude>
    <ClInclude Include="..\..\common\chat.h">
      <Filter>Header Files</Filter>
    </ClInclude>
    <ClInclude Include="..\..\common\chat-auto-parser.h">
      <Filter>Header Files</Filter>
    </ClInclude>
    <ClInclude Include="..\..\common\chat-auto-parser-helpers.h">
      <Filter>Header Files</Filter>
    </ClInclude>
    <ClInclude Include="..\..\common\chat-peg-parser.h">
      <Filter>Header Files</Filter>
    </ClInclude>
    <ClInclude Include="..\..\common\common.h">
      <Filter>Header Files</Filter>
    </ClInclude>
    <ClInclude Include="..\..\common\console.h">
      <Filter>Header Files</Filter>
    </ClInclude>
    <ClInclude Include="..\..\common\debug.h">
      <Filter>Header Files</Filter>
    </ClInclude>
    <ClInclude Include="..\..\common\download.h">
      <Filter>Header Files</Filter>
    </ClInclude>
    <ClInclude Include="..\..\common\http.h">
      <Filter>Header Files</Filter>
    </ClInclude>
    <ClInclude Include="..\..\common\json-schema-to-grammar.h">
      <Filter>Header Files</Filter>
    </ClInclude>
    <ClInclude Include="..\..\common\log.h">
      <Filter>Header Files</Filter>
    </ClInclude>
    <ClInclude Include="..\..\common\ngram-cache.h">
      <Filter>Header Files</Filter>
    </ClInclude>
    <ClInclude Include="..\..\common\ngram-map.h">
      <Filter>Header Files</Filter>
    </ClInclude>
    <ClInclude Include="..\..\common\ngram-mod.h">
      <Filter>Header Files</Filter>
    </ClInclude>
    <ClInclude Include="..\..\common\peg-parser.h">
      <Filter>Header Files</Filter>
    </ClInclude>
    <ClInclude Include="..\..\common\preset.h">
      <Filter>Header Files</Filter>
    </ClInclude>
    <ClInclude Include="..\..\common\reasoning-budget.h">
      <Filter>Header Files</Filter>
    </ClInclude>
    <ClInclude Include="..\..\common\sampling.h">
      <Filter>Header Files</Filter>
    </ClInclude>
    <ClInclude Include="..\..\common\speculative.h">
      <Filter>Header Files</Filter>
    </ClInclude>
    <ClInclude Include="..\..\common\unicode.h">
      <Filter>Header Files</Filter>
    </ClInclude>
    <ClInclude Include="..\..\common\build-info.h">
      <Filter>Header Files</Filter>
    </ClInclude>
    <ClInclude Include="..\..\common\fit.h">
      <Filter>Header Files</Filter>
    </ClInclude>
    <ClInclude Include="..\..\common\hf-cache.h">
      <Filter>Header Files</Filter>
    </ClInclude>
    <ClInclude Include="..\..\common\imatrix-loader.h">
      <Filter>Header Files</Filter>
    </ClInclude>
  </ItemGroup>
</Project>