<?xml version="1.0" encoding="utf-8"?>
<Project ToolsVersion="4.0" xmlns="http://schemas.microsoft.com/developer/msbuild/2003">
  <ItemGroup>
    <Filter Include="Source Files">
      <UniqueIdentifier>{4FC737F1-C7A5-4376-A066-2A32D752A2FF}</UniqueIdentifier>
      <Extensions>cpp;c;cc;cxx;c++;cppm;ixx;def;odl;idl;hpj;bat;asm;asmx</Extensions>
    </Filter>
    <Filter Include="Header Files">
      <UniqueIdentifier>{93995380-89BD-4b04-88EB-625FBE52EBFB}</UniqueIdentifier>
      <Extensions>h;hh;hpp;hxx;h++;hm;inl;inc;ipp;xsd</Extensions>
    </Filter>
  </ItemGroup>
  <ItemGroup>
    <ClCompile Include="..\..\arhat\src\arhat\onednn\kernels\add_id_simple.cpp">
      <Filter>Source Files</Filter>
    </ClCompile>
    <ClCompile Include="..\..\arhat\src\arhat\onednn\kernels\argsort_simple.cpp">
      <Filter>Source Files</Filter>
    </ClCompile>
    <ClCompile Include="..\..\arhat\src\arhat\onednn\kernels\fattn_simple.cpp">
      <Filter>Source Files</Filter>
    </ClCompile>
    <ClCompile Include="..\..\arhat\src\arhat\onednn\kernels\glu_simple.cpp">
      <Filter>Source Files</Filter>
    </ClCompile>
    <ClCompile Include="..\..\arhat\src\arhat\onednn\kernels\group_norm_simple.cpp">
      <Filter>Source Files</Filter>
    </ClCompile>
    <ClCompile Include="..\..\arhat\src\arhat\onednn\kernels\l2_norm_simple.cpp">
      <Filter>Source Files</Filter>
    </ClCompile>
    <ClCompile Include="..\..\arhat\src\arhat\onednn\kernels\mul_mat_id_quant_simple.cpp">
      <Filter>Source Files</Filter>
    </ClCompile>
    <ClCompile Include="..\..\arhat\src\arhat\onednn\kernels\mul_mat_quant_simple.cpp">
      <Filter>Source Files</Filter>
    </ClCompile>
    <ClCompile Include="..\..\arhat\src\arhat\onednn\kernels\norm_simple.cpp">
      <Filter>Source Files</Filter>
    </ClCompile>
    <ClCompile Include="..\..\arhat\src\arhat\onednn\kernels\rms_norm_simple.cpp">
      <Filter>Source Files</Filter>
    </ClCompile>
    <ClCompile Include="..\..\arhat\src\arhat\onednn\kernels\rope_simple.cpp">
      <Filter>Source Files</Filter>
    </ClCompile>
    <ClCompile Include="..\..\arhat\src\arhat\onednn\kernels\set_rows_simple.cpp">
      <Filter>Source Files</Filter>
    </ClCompile>
    <ClCompile Include="..\..\arhat\src\arhat\onednn\kernels\cpy_simple.cpp">
      <Filter>Source Files</Filter>
    </ClCompile>
    <ClCompile Include="..\..\arhat\src\arhat\onednn\kernels\pad_simple.cpp">
      <Filter>Source Files</Filter>
    </ClCompile>
    <ClCompile Include="..\..\arhat\src\arhat\onednn\kernels\cumsum_simple.cpp">
      <Filter>Source Files</Filter>
    </ClCompile>
    <ClCompile Include="..\..\arhat\src\arhat\onednn\kernels\tri_simple.cpp">
      <Filter>Source Files</Filter>
    </ClCompile>
    <ClCompile Include="..\..\arhat\src\arhat\onednn\kernels\fill_simple.cpp">
      <Filter>Source Files</Filter>
    </ClCompile>
    <ClCompile Include="..\..\arhat\src\arhat\onednn\kernels\solve_tri_simple.cpp">
      <Filter>Source Files</Filter>
    </ClCompile>
    <ClCompile Include="..\..\arhat\src\arhat\onednn\kernels\ssm_conv_simple.cpp">
      <Filter>Source Files</Filter>
    </ClCompile>
    <ClCompile Include="..\..\arhat\src\arhat\onednn\kernels\repeat_simple.cpp">
      <Filter>Source Files</Filter>
    </ClCompile>
    <ClCompile Include="..\..\arhat\src\arhat\onednn\kernels\diag_simple.cpp">
      <Filter>Source Files</Filter>
    </ClCompile>
    <ClCompile Include="..\..\arhat\src\arhat\onednn\kernels\set_simple.cpp">
      <Filter>Source Files</Filter>
    </ClCompile>
    <ClCompile Include="..\..\arhat\src\arhat\onednn\kernels\gdn_simple.cpp">
      <Filter>Source Files</Filter>
    </ClCompile>
    <ClCompile Include="..\..\arhat\src\arhat\onednn\kernels\fattn_tile.cpp">
      <Filter>Source Files</Filter>
    </ClCompile>
    <ClCompile Include="..\..\arhat\src\arhat\onednn\kernels\fattn_vec.cpp">
      <Filter>Source Files</Filter>
    </ClCompile>
    <ClCompile Include="..\..\arhat\src\arhat\onednn\kernels\mul_mat_quant_vec.cpp">
      <Filter>Source Files</Filter>
    </ClCompile>
    <ClCompile Include="..\..\arhat\src\arhat\onednn\kernels\vec_dot_quant.cpp">
      <Filter>Source Files</Filter>
    </ClCompile>
    <ClCompile Include="..\..\arhat\src\arhat\onednn\kernels\quantize_mm.cpp">
      <Filter>Source Files</Filter>
    </ClCompile>
    <ClCompile Include="..\..\arhat\src\arhat\onednn\kernels\quantize_vec.cpp">
      <Filter>Source Files</Filter>
    </ClCompile>
    <ClCompile Include="..\..\arhat\src\arhat\onednn\kernels\mul_mat_quant_mm.cpp">
      <Filter>Source Files</Filter>
    </ClCompile>
    <ClCompile Include="..\..\arhat\src\arhat\onednn\kernels\mul_mat_id_helper.cpp">
      <Filter>Source Files</Filter>
    </ClCompile>
    <ClCompile Include="..\..\arhat\src\arhat\onednn\kernels\mul_mat_vec.cpp">
      <Filter>Source Files</Filter>
    </ClCompile>
    <ClCompile Include="..\..\arhat\src\arhat\onednn\kernels\mul_mat_quant_vec_v2.cpp">
      <Filter>Source Files</Filter>
    </ClCompile>
    <ClCompile Include="..\..\arhat\src\arhat\onednn\kernels\quantize_v2.cpp">
      <Filter>Source Files</Filter>
    </ClCompile>
    <ClCompile Include="..\..\arhat\src\arhat\onednn\kernels\mul_mat_quant_vec_v2_opt.cpp">
      <Filter>Source Files</Filter>
    </ClCompile>
    <ClCompile Include="..\..\arhat\src\arhat\onednn\kernels\mul_mat_vec_v2.cpp">
      <Filter>Source Files</Filter>
    </ClCompile>
    <ClCompile Include="..\..\arhat\src\arhat\onednn\kernels\get_rows_simple.cpp">
      <Filter>Source Files</Filter>
    </ClCompile>
    <ClCompile Include="..\..\arhat\src\arhat\onednn\kernels\mul_mat_mm.cpp">
      <Filter>Source Files</Filter>
    </ClCompile>
    <ClCompile Include="..\..\arhat\src\arhat\onednn\kernels\binary_simple.cpp">
      <Filter>Source Files</Filter>
    </ClCompile>
    <ClCompile Include="..\..\arhat\src\arhat\onednn\kernels\unary_simple.cpp">
      <Filter>Source Files</Filter>
    </ClCompile>
  </ItemGroup>
  <ItemGroup>
    <ClInclude Include="..\..\arhat\src\arhat\onednn\kernels\code.hpp">
      <Filter>Header Files</Filter>
    </ClInclude>
  </ItemGroup>
</Project>